
Microsoft Visual Studio Solution File, Format Version 12.00
# Visual Studio Version 17
VisualStudioVersion = 17.8.34309.116
MinimumVisualStudioVersion = 10.0.40219.1
Project("{9A19103F-16F7-4668-BE54-9A1E7A4F7556}") = "ETAMPManagement", "ETAMPManagement\ETAMPManagement.csproj", "{E8471CC3-F35C-4901-B1B3-4ABC82DAA94E}"
EndProject
Project("{FAE04EC0-301F-11D3-BF4B-00C04F79EFBC}") = "ETAMPManagementTests", "ETAMPManagementTests\ETAMPManagementTests.csproj", "{1FCB7BA1-1A94-4A54-A330-5229AD883EBD}"
EndProject
Project("{FAE04EC0-301F-11D3-BF4B-00C04F79EFBC}") = "ETAMPExample", "ETAMPExample\ETAMPExample.csproj", "{070C3998-38BE-4C49-B954-FE1A27284F7C}"
EndProject
Global
	GlobalSection(SolutionConfigurationPlatforms) = preSolution
		Debug|Any CPU = Debug|Any CPU
		Release|Any CPU = Release|Any CPU
	EndGlobalSection
	GlobalSection(ProjectConfigurationPlatforms) = postSolution
		{E8471CC3-F35C-4901-B1B3-4ABC82DAA94E}.Debug|Any CPU.ActiveCfg = Debug|Any CPU
		{E8471CC3-F35C-4901-B1B3-4ABC82DAA94E}.Debug|Any CPU.Build.0 = Debug|Any CPU
		{E8471CC3-F35C-4901-B1B3-4ABC82DAA94E}.Release|Any CPU.ActiveCfg = Release|Any CPU
		{E8471CC3-F35C-4901-B1B3-4ABC82DAA94E}.Release|Any CPU.Build.0 = Release|Any CPU
		{1FCB7BA1-1A94-4A54-A330-5229AD883EBD}.Debug|Any CPU.ActiveCfg = Debug|Any CPU
		{1FCB7BA1-1A94-4A54-A330-5229AD883EBD}.Debug|Any CPU.Build.0 = Debug|Any CPU
		{1FCB7BA1-1A94-4A54-A330-5229AD883EBD}.Release|Any CPU.ActiveCfg = Release|Any CPU
		{1FCB7BA1-1A94-4A54-A330-5229AD883EBD}.Release|Any CPU.Build.0 = Release|Any CPU
		{070C3998-38BE-4C49-B954-FE1A27284F7C}.Debug|Any CPU.ActiveCfg = Debug|Any CPU
		{070C3998-38BE-4C49-B954-FE1A27284F7C}.Debug|Any CPU.Build.0 = Debug|Any CPU
		{070C3998-38BE-4C49-B954-FE1A27284F7C}.Release|Any CPU.ActiveCfg = Release|Any CPU
		{070C3998-38BE-4C49-B954-FE1A27284F7C}.Release|Any CPU.Build.0 = Release|Any CPU
	EndGlobalSection
	GlobalSection(SolutionProperties) = preSolution
		HideSolutionNode = FALSE
	EndGlobalSection
	GlobalSection(ExtensibilityGlobals) = postSolution
		SolutionGuid = {AF96F5B9-BC0E-4C6E-B663-38FD5D796E33}
	EndGlobalSection
EndGlobal
