
Microsoft Visual Studio Solution File, Format Version 12.00
Project("{2150E333-8FDC-42A3-9474-1A3956D46DE8}") = "Source", "Source", "{B1D33957-166B-491B-B3B4-AE0BCB253E85}"
EndProject
Project("{FAE04EC0-301F-11D3-BF4B-00C04F79EFBC}") = "ETAMP.Compression", "Source\ETAMP.Compression\ETAMP.Compression.csproj", "{D77F3A64-FF22-497A-BE28-23DE51E0DB14}"
EndProject
Project("{FAE04EC0-301F-11D3-BF4B-00C04F79EFBC}") = "ETAMP.Core", "Source\ETAMP.Core\ETAMP.Core.csproj", "{4720D834-DDAF-4035-9133-A4C0C4F43C43}"
EndProject
Project("{FAE04EC0-301F-11D3-BF4B-00C04F79EFBC}") = "ETAMP.Encryption", "Source\ETAMP.Encryption\ETAMP.Encryption.csproj", "{6302A087-7783-4497-9BFE-2BE26557A907}"
EndProject
Project("{FAE04EC0-301F-11D3-BF4B-00C04F79EFBC}") = "ETAMP.Validation", "Source\ETAMP.Validation\ETAMP.Validation.csproj", "{976A600A-CAB4-4747-86BA-42C4B980847C}"
EndProject
Project("{FAE04EC0-301F-11D3-BF4B-00C04F79EFBC}") = "ETAMP.Provider", "Source\ETAMP.Provider\ETAMP.Provider.csproj", "{14A761E3-C207-4002-9D72-523380553B4A}"
EndProject
Project("{FAE04EC0-301F-11D3-BF4B-00C04F79EFBC}") = "ETAMP.Extension.ServiceCollection", "Source\ETAMP.Extension.ServiceCollection\ETAMP.Extension.ServiceCollection.csproj", "{CB7A1CC9-A7A3-433C-B224-8777917215ED}"
EndProject
Project("{2150E333-8FDC-42A3-9474-1A3956D46DE8}") = "Examples", "Examples", "{EAA98E34-C22D-41D5-BAF1-1C880243E938}"
EndProject
Project("{2150E333-8FDC-42A3-9474-1A3956D46DE8}") = "Tests", "Tests", "{6CC71BCA-D510-4292-A3D7-75A5B00752FC}"
EndProject
Project("{2150E333-8FDC-42A3-9474-1A3956D46DE8}") = "Console", "Console", "{209B4ADB-53F9-4D67-8134-D2EDC7BA9FEC}"
EndProject
Project("{2150E333-8FDC-42A3-9474-1A3956D46DE8}") = "Benchmark", "Benchmark", "{DF7BE1D8-6A3D-4234-9D28-74F7038EB0D0}"
EndProject
Project("{FAE04EC0-301F-11D3-BF4B-00C04F79EFBC}") = "ETAMP.Compress.Benchmark", "Benchmark\ETAMP.Compress.Benchmark\ETAMP.Compress.Benchmark.csproj", "{C2E48BBF-CF96-4F35-BA70-7F386C0B2EEA}"
EndProject
Project("{FAE04EC0-301F-11D3-BF4B-00C04F79EFBC}") = "ETAMP.Compress.Console", "Examples\ETAMP.Compress.Console\ETAMP.Compress.Console.csproj", "{07A88B77-EB40-48ED-BE60-DBA01F8C72BA}"
EndProject
Project("{FAE04EC0-301F-11D3-BF4B-00C04F79EFBC}") = "ETAMP.Encryption.Tests", "Tests\ETAMP.Encryption.Tests\ETAMP.Encryption.Tests.csproj", "{62BC192F-E57D-473E-A883-912B99DEA549}"
EndProject
Project("{FAE04EC0-301F-11D3-BF4B-00C04F79EFBC}") = "ETAMP.Compression.Tests", "Tests\ETAMP.Compression.Tests\ETAMP.Compression.Tests.csproj", "{2B8B81D1-9630-4353-AABC-B4030B59B78C}"
EndProject
Project("{FAE04EC0-301F-11D3-BF4B-00C04F79EFBC}") = "ETAMP.Encryption.Console", "Examples\ETAMP.Encryption.Console\ETAMP.Encryption.Console.csproj", "{072E9540-B163-4FEE-BDDC-3C478DE39937}"
EndProject
Project("{FAE04EC0-301F-11D3-BF4B-00C04F79EFBC}") = "ETAMP.Encryption.Benchmark", "Benchmark\ETAMP.Encryption.Benchmark\ETAMP.Encryption.Benchmark.csproj", "{6FF39476-C9E7-4B47-9177-F85BC879294C}"
EndProject
Global
	GlobalSection(SolutionConfigurationPlatforms) = preSolution
		Debug|Any CPU = Debug|Any CPU
		Release|Any CPU = Release|Any CPU
	EndGlobalSection
	GlobalSection(ProjectConfigurationPlatforms) = postSolution
		{D77F3A64-FF22-497A-BE28-23DE51E0DB14}.Debug|Any CPU.ActiveCfg = Debug|Any CPU
		{D77F3A64-FF22-497A-BE28-23DE51E0DB14}.Debug|Any CPU.Build.0 = Debug|Any CPU
		{D77F3A64-FF22-497A-BE28-23DE51E0DB14}.Release|Any CPU.ActiveCfg = Release|Any CPU
		{D77F3A64-FF22-497A-BE28-23DE51E0DB14}.Release|Any CPU.Build.0 = Release|Any CPU
		{4720D834-DDAF-4035-9133-A4C0C4F43C43}.Debug|Any CPU.ActiveCfg = Debug|Any CPU
		{4720D834-DDAF-4035-9133-A4C0C4F43C43}.Debug|Any CPU.Build.0 = Debug|Any CPU
		{4720D834-DDAF-4035-9133-A4C0C4F43C43}.Release|Any CPU.ActiveCfg = Release|Any CPU
		{4720D834-DDAF-4035-9133-A4C0C4F43C43}.Release|Any CPU.Build.0 = Release|Any CPU
		{6302A087-7783-4497-9BFE-2BE26557A907}.Debug|Any CPU.ActiveCfg = Debug|Any CPU
		{6302A087-7783-4497-9BFE-2BE26557A907}.Debug|Any CPU.Build.0 = Debug|Any CPU
		{6302A087-7783-4497-9BFE-2BE26557A907}.Release|Any CPU.ActiveCfg = Release|Any CPU
		{6302A087-7783-4497-9BFE-2BE26557A907}.Release|Any CPU.Build.0 = Release|Any CPU
		{976A600A-CAB4-4747-86BA-42C4B980847C}.Debug|Any CPU.ActiveCfg = Debug|Any CPU
		{976A600A-CAB4-4747-86BA-42C4B980847C}.Debug|Any CPU.Build.0 = Debug|Any CPU
		{976A600A-CAB4-4747-86BA-42C4B980847C}.Release|Any CPU.ActiveCfg = Release|Any CPU
		{976A600A-CAB4-4747-86BA-42C4B980847C}.Release|Any CPU.Build.0 = Release|Any CPU
		{14A761E3-C207-4002-9D72-523380553B4A}.Debug|Any CPU.ActiveCfg = Debug|Any CPU
		{14A761E3-C207-4002-9D72-523380553B4A}.Debug|Any CPU.Build.0 = Debug|Any CPU
		{14A761E3-C207-4002-9D72-523380553B4A}.Release|Any CPU.ActiveCfg = Release|Any CPU
		{14A761E3-C207-4002-9D72-523380553B4A}.Release|Any CPU.Build.0 = Release|Any CPU
		{CB7A1CC9-A7A3-433C-B224-8777917215ED}.Debug|Any CPU.ActiveCfg = Debug|Any CPU
		{CB7A1CC9-A7A3-433C-B224-8777917215ED}.Debug|Any CPU.Build.0 = Debug|Any CPU
		{CB7A1CC9-A7A3-433C-B224-8777917215ED}.Release|Any CPU.ActiveCfg = Release|Any CPU
		{CB7A1CC9-A7A3-433C-B224-8777917215ED}.Release|Any CPU.Build.0 = Release|Any CPU
		{C2E48BBF-CF96-4F35-BA70-7F386C0B2EEA}.Debug|Any CPU.ActiveCfg = Debug|Any CPU
		{C2E48BBF-CF96-4F35-BA70-7F386C0B2EEA}.Debug|Any CPU.Build.0 = Debug|Any CPU
		{C2E48BBF-CF96-4F35-BA70-7F386C0B2EEA}.Release|Any CPU.ActiveCfg = Release|Any CPU
		{C2E48BBF-CF96-4F35-BA70-7F386C0B2EEA}.Release|Any CPU.Build.0 = Release|Any CPU
		{07A88B77-EB40-48ED-BE60-DBA01F8C72BA}.Debug|Any CPU.ActiveCfg = Debug|Any CPU
		{07A88B77-EB40-48ED-BE60-DBA01F8C72BA}.Debug|Any CPU.Build.0 = Debug|Any CPU
		{07A88B77-EB40-48ED-BE60-DBA01F8C72BA}.Release|Any CPU.ActiveCfg = Release|Any CPU
		{07A88B77-EB40-48ED-BE60-DBA01F8C72BA}.Release|Any CPU.Build.0 = Release|Any CPU
		{62BC192F-E57D-473E-A883-912B99DEA549}.Debug|Any CPU.ActiveCfg = Debug|Any CPU
		{62BC192F-E57D-473E-A883-912B99DEA549}.Debug|Any CPU.Build.0 = Debug|Any CPU
		{62BC192F-E57D-473E-A883-912B99DEA549}.Release|Any CPU.ActiveCfg = Release|Any CPU
		{62BC192F-E57D-473E-A883-912B99DEA549}.Release|Any CPU.Build.0 = Release|Any CPU
		{2B8B81D1-9630-4353-AABC-B4030B59B78C}.Debug|Any CPU.ActiveCfg = Debug|Any CPU
		{2B8B81D1-9630-4353-AABC-B4030B59B78C}.Debug|Any CPU.Build.0 = Debug|Any CPU
		{2B8B81D1-9630-4353-AABC-B4030B59B78C}.Release|Any CPU.ActiveCfg = Release|Any CPU
		{2B8B81D1-9630-4353-AABC-B4030B59B78C}.Release|Any CPU.Build.0 = Release|Any CPU
		{072E9540-B163-4FEE-BDDC-3C478DE39937}.Debug|Any CPU.ActiveCfg = Debug|Any CPU
		{072E9540-B163-4FEE-BDDC-3C478DE39937}.Debug|Any CPU.Build.0 = Debug|Any CPU
		{072E9540-B163-4FEE-BDDC-3C478DE39937}.Release|Any CPU.ActiveCfg = Release|Any CPU
		{072E9540-B163-4FEE-BDDC-3C478DE39937}.Release|Any CPU.Build.0 = Release|Any CPU
		{6FF39476-C9E7-4B47-9177-F85BC879294C}.Debug|Any CPU.ActiveCfg = Debug|Any CPU
		{6FF39476-C9E7-4B47-9177-F85BC879294C}.Debug|Any CPU.Build.0 = Debug|Any CPU
		{6FF39476-C9E7-4B47-9177-F85BC879294C}.Release|Any CPU.ActiveCfg = Release|Any CPU
		{6FF39476-C9E7-4B47-9177-F85BC879294C}.Release|Any CPU.Build.0 = Release|Any CPU
	EndGlobalSection
	GlobalSection(NestedProjects) = preSolution
		{D77F3A64-FF22-497A-BE28-23DE51E0DB14} = {B1D33957-166B-491B-B3B4-AE0BCB253E85}
		{4720D834-DDAF-4035-9133-A4C0C4F43C43} = {B1D33957-166B-491B-B3B4-AE0BCB253E85}
		{6302A087-7783-4497-9BFE-2BE26557A907} = {B1D33957-166B-491B-B3B4-AE0BCB253E85}
		{976A600A-CAB4-4747-86BA-42C4B980847C} = {B1D33957-166B-491B-B3B4-AE0BCB253E85}
		{14A761E3-C207-4002-9D72-523380553B4A} = {B1D33957-166B-491B-B3B4-AE0BCB253E85}
		{CB7A1CC9-A7A3-433C-B224-8777917215ED} = {B1D33957-166B-491B-B3B4-AE0BCB253E85}
		{209B4ADB-53F9-4D67-8134-D2EDC7BA9FEC} = {EAA98E34-C22D-41D5-BAF1-1C880243E938}
		{C2E48BBF-CF96-4F35-BA70-7F386C0B2EEA} = {DF7BE1D8-6A3D-4234-9D28-74F7038EB0D0}
		{07A88B77-EB40-48ED-BE60-DBA01F8C72BA} = {209B4ADB-53F9-4D67-8134-D2EDC7BA9FEC}
		{62BC192F-E57D-473E-A883-912B99DEA549} = {6CC71BCA-D510-4292-A3D7-75A5B00752FC}
		{2B8B81D1-9630-4353-AABC-B4030B59B78C} = {6CC71BCA-D510-4292-A3D7-75A5B00752FC}
		{072E9540-B163-4FEE-BDDC-3C478DE39937} = {209B4ADB-53F9-4D67-8134-D2EDC7BA9FEC}
		{6FF39476-C9E7-4B47-9177-F85BC879294C} = {DF7BE1D8-6A3D-4234-9D28-74F7038EB0D0}
	EndGlobalSection
EndGlobal
